
Microsoft Visual Studio Solution File, Format Version 12.00
# Visual Studio Version 17
VisualStudioVersion = 17.8.34525.116
MinimumVisualStudioVersion = 10.0.40219.1
Project("{9A19103F-16F7-4668-BE54-9A1E7A4F7556}") = "Laboratorium 1", "Laboratorium 1\Laboratorium 1.csproj", "{C88C24B7-FB3A-4C0C-AC57-756E5B9FCD10}"
EndProject
Project("{9A19103F-16F7-4668-BE54-9A1E7A4F7556}") = "Laboratorium 2", "Laboratorium 2\Laboratorium 2.csproj", "{7F4CB001-03CF-404F-937F-7F3CDE8FA898}"
EndProject
Project("{9A19103F-16F7-4668-BE54-9A1E7A4F7556}") = "Laboratorium 3", "Laboratorium 3\Laboratorium 3.csproj", "{82812211-6439-4333-90EA-68C613527DCC}"
EndProject
Project("{9A19103F-16F7-4668-BE54-9A1E7A4F7556}") = "Laboratorium 4", "Laboratorium 4\Laboratorium 4.csproj", "{179DC4C9-E93C-46B7-B635-AC489916CA5D}"
EndProject
Project("{9A19103F-16F7-4668-BE54-9A1E7A4F7556}") = "Laboratorium 5", "Laboratorium 5\Laboratorium 5.csproj", "{C454EA6C-F677-4A2F-BCF5-2F6DFBBBBDEE}"
EndProject
Project("{9A19103F-16F7-4668-BE54-9A1E7A4F7556}") = "Laboratorium 6", "Laboratorium 6\Laboratorium 6.csproj", "{A032EC3B-E43D-4083-88A4-62B592BD7D5C}"
EndProject
Project("{9A19103F-16F7-4668-BE54-9A1E7A4F7556}") = "Data", "Data\Data.csproj", "{0E3BE673-214D-41F0-8526-FB644CEF4FD3}"
EndProject
Global
	GlobalSection(SolutionConfigurationPlatforms) = preSolution
		Debug|Any CPU = Debug|Any CPU
		Release|Any CPU = Release|Any CPU
	EndGlobalSection
	GlobalSection(ProjectConfigurationPlatforms) = postSolution
		{C88C24B7-FB3A-4C0C-AC57-756E5B9FCD10}.Debug|Any CPU.ActiveCfg = Debug|Any CPU
		{C88C24B7-FB3A-4C0C-AC57-756E5B9FCD10}.Debug|Any CPU.Build.0 = Debug|Any CPU
		{C88C24B7-FB3A-4C0C-AC57-756E5B9FCD10}.Release|Any CPU.ActiveCfg = Release|Any CPU
		{C88C24B7-FB3A-4C0C-AC57-756E5B9FCD10}.Release|Any CPU.Build.0 = Release|Any CPU
		{7F4CB001-03CF-404F-937F-7F3CDE8FA898}.Debug|Any CPU.ActiveCfg = Debug|Any CPU
		{7F4CB001-03CF-404F-937F-7F3CDE8FA898}.Debug|Any CPU.Build.0 = Debug|Any CPU
		{7F4CB001-03CF-404F-937F-7F3CDE8FA898}.Release|Any CPU.ActiveCfg = Release|Any CPU
		{7F4CB001-03CF-404F-937F-7F3CDE8FA898}.Release|Any CPU.Build.0 = Release|Any CPU
		{82812211-6439-4333-90EA-68C613527DCC}.Debug|Any CPU.ActiveCfg = Debug|Any CPU
		{82812211-6439-4333-90EA-68C613527DCC}.Debug|Any CPU.Build.0 = Debug|Any CPU
		{82812211-6439-4333-90EA-68C613527DCC}.Release|Any CPU.ActiveCfg = Release|Any CPU
		{82812211-6439-4333-90EA-68C613527DCC}.Release|Any CPU.Build.0 = Release|Any CPU
		{179DC4C9-E93C-46B7-B635-AC489916CA5D}.Debug|Any CPU.ActiveCfg = Debug|Any CPU
		{179DC4C9-E93C-46B7-B635-AC489916CA5D}.Debug|Any CPU.Build.0 = Debug|Any CPU
		{179DC4C9-E93C-46B7-B635-AC489916CA5D}.Release|Any CPU.ActiveCfg = Release|Any CPU
		{179DC4C9-E93C-46B7-B635-AC489916CA5D}.Release|Any CPU.Build.0 = Release|Any CPU
		{C454EA6C-F677-4A2F-BCF5-2F6DFBBBBDEE}.Debug|Any CPU.ActiveCfg = Debug|Any CPU
		{C454EA6C-F677-4A2F-BCF5-2F6DFBBBBDEE}.Debug|Any CPU.Build.0 = Debug|Any CPU
		{C454EA6C-F677-4A2F-BCF5-2F6DFBBBBDEE}.Release|Any CPU.ActiveCfg = Release|Any CPU
		{C454EA6C-F677-4A2F-BCF5-2F6DFBBBBDEE}.Release|Any CPU.Build.0 = Release|Any CPU
		{A032EC3B-E43D-4083-88A4-62B592BD7D5C}.Debug|Any CPU.ActiveCfg = Debug|Any CPU
		{A032EC3B-E43D-4083-88A4-62B592BD7D5C}.Debug|Any CPU.Build.0 = Debug|Any CPU
		{A032EC3B-E43D-4083-88A4-62B592BD7D5C}.Release|Any CPU.ActiveCfg = Release|Any CPU
		{A032EC3B-E43D-4083-88A4-62B592BD7D5C}.Release|Any CPU.Build.0 = Release|Any CPU
		{0E3BE673-214D-41F0-8526-FB644CEF4FD3}.Debug|Any CPU.ActiveCfg = Debug|Any CPU
		{0E3BE673-214D-41F0-8526-FB644CEF4FD3}.Debug|Any CPU.Build.0 = Debug|Any CPU
		{0E3BE673-214D-41F0-8526-FB644CEF4FD3}.Release|Any CPU.ActiveCfg = Release|Any CPU
		{0E3BE673-214D-41F0-8526-FB644CEF4FD3}.Release|Any CPU.Build.0 = Release|Any CPU
	EndGlobalSection
	GlobalSection(SolutionProperties) = preSolution
		HideSolutionNode = FALSE
	EndGlobalSection
	GlobalSection(ExtensibilityGlobals) = postSolution
		SolutionGuid = {BB43D639-F63E-4244-8420-4BA7E6C6953C}
	EndGlobalSection
EndGlobal
